// !$*UTF8*$!
{
	archiveVersion = 1;
	classes = {
	};
	objectVersion = 55;
	objects = {

/* Begin PBXBuildFile section */
		85A8583A28542EC300217B9C /* Database.xcdatamodeld in Sources */ = {isa = PBXBuildFile; fileRef = 85A8583828542EC300217B9C /* Database.xcdatamodeld */; };
		85CD6A6E284F900E00929796 /* Main.storyboard in Resources */ = {isa = PBXBuildFile; fileRef = 85CD6A6D284F900E00929796 /* Main.storyboard */; };
		F36474C228537C5600E8AD99 /* NotFound.storyboard in Resources */ = {isa = PBXBuildFile; fileRef = F36474C128537C5600E8AD99 /* NotFound.storyboard */; };
		F36474C628537E1700E8AD99 /* NotFoundViewController.swift in Sources */ = {isa = PBXBuildFile; fileRef = F36474C528537E1700E8AD99 /* NotFoundViewController.swift */; };
		F389BC5B284A47BB00A8026B /* AppDelegate.swift in Sources */ = {isa = PBXBuildFile; fileRef = F389BC5A284A47BB00A8026B /* AppDelegate.swift */; };
		F389BC5D284A47BB00A8026B /* SceneDelegate.swift in Sources */ = {isa = PBXBuildFile; fileRef = F389BC5C284A47BB00A8026B /* SceneDelegate.swift */; };
		F389BC5F284A47BB00A8026B /* ViewController.swift in Sources */ = {isa = PBXBuildFile; fileRef = F389BC5E284A47BB00A8026B /* ViewController.swift */; };
		F389BC64284A47BB00A8026B /* Assets.xcassets in Resources */ = {isa = PBXBuildFile; fileRef = F389BC63284A47BB00A8026B /* Assets.xcassets */; };
		F389BC67284A47BB00A8026B /* LaunchScreen.storyboard in Resources */ = {isa = PBXBuildFile; fileRef = F389BC65284A47BB00A8026B /* LaunchScreen.storyboard */; };
		F389BC72284A47BB00A8026B /* confy_foodTests.swift in Sources */ = {isa = PBXBuildFile; fileRef = F389BC71284A47BB00A8026B /* confy_foodTests.swift */; };
		F389BC7C284A47BB00A8026B /* confy_foodUITests.swift in Sources */ = {isa = PBXBuildFile; fileRef = F389BC7B284A47BB00A8026B /* confy_foodUITests.swift */; };
		F389BC7E284A47BB00A8026B /* confy_foodUITestsLaunchTests.swift in Sources */ = {isa = PBXBuildFile; fileRef = F389BC7D284A47BB00A8026B /* confy_foodUITestsLaunchTests.swift */; };
/* End PBXBuildFile section */

/* Begin PBXContainerItemProxy section */
		F389BC6E284A47BB00A8026B /* PBXContainerItemProxy */ = {
			isa = PBXContainerItemProxy;
			containerPortal = F389BC4F284A47BB00A8026B /* Project object */;
			proxyType = 1;
			remoteGlobalIDString = F389BC56284A47BB00A8026B;
			remoteInfo = "confy-food";
		};
		F389BC78284A47BB00A8026B /* PBXContainerItemProxy */ = {
			isa = PBXContainerItemProxy;
			containerPortal = F389BC4F284A47BB00A8026B /* Project object */;
			proxyType = 1;
			remoteGlobalIDString = F389BC56284A47BB00A8026B;
			remoteInfo = "confy-food";
		};
/* End PBXContainerItemProxy section */

/* Begin PBXFileReference section */
		85A8583928542EC300217B9C /* Database.xcdatamodel */ = {isa = PBXFileReference; lastKnownFileType = wrapper.xcdatamodel; path = Database.xcdatamodel; sourceTree = "<group>"; };
		85CD6A6D284F900E00929796 /* Main.storyboard */ = {isa = PBXFileReference; lastKnownFileType = file.storyboard; path = Main.storyboard; sourceTree = "<group>"; };
		F36474C128537C5600E8AD99 /* NotFound.storyboard */ = {isa = PBXFileReference; lastKnownFileType = file.storyboard; path = NotFound.storyboard; sourceTree = "<group>"; };
		F36474C528537E1700E8AD99 /* NotFoundViewController.swift */ = {isa = PBXFileReference; lastKnownFileType = sourcecode.swift; path = NotFoundViewController.swift; sourceTree = "<group>"; };
		F389BC57284A47BB00A8026B /* confy-food.app */ = {isa = PBXFileReference; explicitFileType = wrapper.application; includeInIndex = 0; path = "confy-food.app"; sourceTree = BUILT_PRODUCTS_DIR; };
		F389BC5A284A47BB00A8026B /* AppDelegate.swift */ = {isa = PBXFileReference; lastKnownFileType = sourcecode.swift; path = AppDelegate.swift; sourceTree = "<group>"; };
		F389BC5C284A47BB00A8026B /* SceneDelegate.swift */ = {isa = PBXFileReference; lastKnownFileType = sourcecode.swift; path = SceneDelegate.swift; sourceTree = "<group>"; };
		F389BC5E284A47BB00A8026B /* ViewController.swift */ = {isa = PBXFileReference; lastKnownFileType = sourcecode.swift; path = ViewController.swift; sourceTree = "<group>"; };
		F389BC63284A47BB00A8026B /* Assets.xcassets */ = {isa = PBXFileReference; lastKnownFileType = folder.assetcatalog; path = Assets.xcassets; sourceTree = "<group>"; };
		F389BC66284A47BB00A8026B /* Base */ = {isa = PBXFileReference; lastKnownFileType = file.storyboard; name = Base; path = Base.lproj/LaunchScreen.storyboard; sourceTree = "<group>"; };
		F389BC68284A47BB00A8026B /* Info.plist */ = {isa = PBXFileReference; lastKnownFileType = text.plist.xml; path = Info.plist; sourceTree = "<group>"; };
		F389BC6D284A47BB00A8026B /* confy-foodTests.xctest */ = {isa = PBXFileReference; explicitFileType = wrapper.cfbundle; includeInIndex = 0; path = "confy-foodTests.xctest"; sourceTree = BUILT_PRODUCTS_DIR; };
		F389BC71284A47BB00A8026B /* confy_foodTests.swift */ = {isa = PBXFileReference; lastKnownFileType = sourcecode.swift; path = confy_foodTests.swift; sourceTree = "<group>"; };
		F389BC77284A47BB00A8026B /* confy-foodUITests.xctest */ = {isa = PBXFileReference; explicitFileType = wrapper.cfbundle; includeInIndex = 0; path = "confy-foodUITests.xctest"; sourceTree = BUILT_PRODUCTS_DIR; };
		F389BC7B284A47BB00A8026B /* confy_foodUITests.swift */ = {isa = PBXFileReference; lastKnownFileType = sourcecode.swift; path = confy_foodUITests.swift; sourceTree = "<group>"; };
		F389BC7D284A47BB00A8026B /* confy_foodUITestsLaunchTests.swift */ = {isa = PBXFileReference; lastKnownFileType = sourcecode.swift; path = confy_foodUITestsLaunchTests.swift; sourceTree = "<group>"; };
/* End PBXFileReference section */

/* Begin PBXFrameworksBuildPhase section */
		F389BC54284A47BB00A8026B /* Frameworks */ = {
			isa = PBXFrameworksBuildPhase;
			buildActionMask = 2147483647;
			files = (
			);
			runOnlyForDeploymentPostprocessing = 0;
		};
		F389BC6A284A47BB00A8026B /* Frameworks */ = {
			isa = PBXFrameworksBuildPhase;
			buildActionMask = 2147483647;
			files = (
			);
			runOnlyForDeploymentPostprocessing = 0;
		};
		F389BC74284A47BB00A8026B /* Frameworks */ = {
			isa = PBXFrameworksBuildPhase;
			buildActionMask = 2147483647;
			files = (
			);
			runOnlyForDeploymentPostprocessing = 0;
		};
/* End PBXFrameworksBuildPhase section */

/* Begin PBXGroup section */
		F36474BF28536DC600E8AD99 /* Views */ = {
			isa = PBXGroup;
			children = (
				F389BC65284A47BB00A8026B /* LaunchScreen.storyboard */,
				85CD6A6D284F900E00929796 /* Main.storyboard */,
				F36474C128537C5600E8AD99 /* NotFound.storyboard */,
			);
			path = Views;
			sourceTree = "<group>";
		};
		F36474C028536DE800E8AD99 /* Controllers */ = {
			isa = PBXGroup;
			children = (
				F389BC5E284A47BB00A8026B /* ViewController.swift */,
				F36474C528537E1700E8AD99 /* NotFoundViewController.swift */,
			);
			path = Controllers;
			sourceTree = "<group>";
		};
		F389BC4E284A47BB00A8026B = {
			isa = PBXGroup;
			children = (
				F389BC59284A47BB00A8026B /* confy-food */,
				F389BC70284A47BB00A8026B /* confy-foodTests */,
				F389BC7A284A47BB00A8026B /* confy-foodUITests */,
				F389BC58284A47BB00A8026B /* Products */,
			);
			sourceTree = "<group>";
		};
		F389BC58284A47BB00A8026B /* Products */ = {
			isa = PBXGroup;
			children = (
				F389BC57284A47BB00A8026B /* confy-food.app */,
				F389BC6D284A47BB00A8026B /* confy-foodTests.xctest */,
				F389BC77284A47BB00A8026B /* confy-foodUITests.xctest */,
			);
			name = Products;
			sourceTree = "<group>";
		};
		F389BC59284A47BB00A8026B /* confy-food */ = {
			isa = PBXGroup;
			children = (
				F36474C028536DE800E8AD99 /* Controllers */,
				F36474BF28536DC600E8AD99 /* Views */,
				F389BC5A284A47BB00A8026B /* AppDelegate.swift */,
				F389BC5C284A47BB00A8026B /* SceneDelegate.swift */,
				F389BC63284A47BB00A8026B /* Assets.xcassets */,
				F389BC68284A47BB00A8026B /* Info.plist */,
				85A8583828542EC300217B9C /* Database.xcdatamodeld */,
			);
			path = "confy-food";
			sourceTree = "<group>";
		};
		F389BC70284A47BB00A8026B /* confy-foodTests */ = {
			isa = PBXGroup;
			children = (
				F389BC71284A47BB00A8026B /* confy_foodTests.swift */,
			);
			path = "confy-foodTests";
			sourceTree = "<group>";
		};
		F389BC7A284A47BB00A8026B /* confy-foodUITests */ = {
			isa = PBXGroup;
			children = (
				F389BC7B284A47BB00A8026B /* confy_foodUITests.swift */,
				F389BC7D284A47BB00A8026B /* confy_foodUITestsLaunchTests.swift */,
			);
			path = "confy-foodUITests";
			sourceTree = "<group>";
		};
/* End PBXGroup section */

/* Begin PBXNativeTarget section */
		F389BC56284A47BB00A8026B /* confy-food */ = {
			isa = PBXNativeTarget;
			buildConfigurationList = F389BC81284A47BB00A8026B /* Build configuration list for PBXNativeTarget "confy-food" */;
			buildPhases = (
				F389BC53284A47BB00A8026B /* Sources */,
				F389BC54284A47BB00A8026B /* Frameworks */,
				F389BC55284A47BB00A8026B /* Resources */,
				F379A7BB284E35B800C14B65 /* SwiftLint */,
			);
			buildRules = (
			);
			dependencies = (
			);
			name = "confy-food";
			productName = "confy-food";
			productReference = F389BC57284A47BB00A8026B /* confy-food.app */;
			productType = "com.apple.product-type.application";
		};
		F389BC6C284A47BB00A8026B /* confy-foodTests */ = {
			isa = PBXNativeTarget;
			buildConfigurationList = F389BC84284A47BB00A8026B /* Build configuration list for PBXNativeTarget "confy-foodTests" */;
			buildPhases = (
				F389BC69284A47BB00A8026B /* Sources */,
				F389BC6A284A47BB00A8026B /* Frameworks */,
				F389BC6B284A47BB00A8026B /* Resources */,
			);
			buildRules = (
			);
			dependencies = (
				F389BC6F284A47BB00A8026B /* PBXTargetDependency */,
			);
			name = "confy-foodTests";
			productName = "confy-foodTests";
			productReference = F389BC6D284A47BB00A8026B /* confy-foodTests.xctest */;
			productType = "com.apple.product-type.bundle.unit-test";
		};
		F389BC76284A47BB00A8026B /* confy-foodUITests */ = {
			isa = PBXNativeTarget;
			buildConfigurationList = F389BC87284A47BB00A8026B /* Build configuration list for PBXNativeTarget "confy-foodUITests" */;
			buildPhases = (
				F389BC73284A47BB00A8026B /* Sources */,
				F389BC74284A47BB00A8026B /* Frameworks */,
				F389BC75284A47BB00A8026B /* Resources */,
			);
			buildRules = (
			);
			dependencies = (
				F389BC79284A47BB00A8026B /* PBXTargetDependency */,
			);
			name = "confy-foodUITests";
			productName = "confy-foodUITests";
			productReference = F389BC77284A47BB00A8026B /* confy-foodUITests.xctest */;
			productType = "com.apple.product-type.bundle.ui-testing";
		};
/* End PBXNativeTarget section */

/* Begin PBXProject section */
		F389BC4F284A47BB00A8026B /* Project object */ = {
			isa = PBXProject;
			attributes = {
				BuildIndependentTargetsInParallel = 1;
				LastSwiftUpdateCheck = 1340;
				LastUpgradeCheck = 1340;
				TargetAttributes = {
					F389BC56284A47BB00A8026B = {
						CreatedOnToolsVersion = 13.4;
					};
					F389BC6C284A47BB00A8026B = {
						CreatedOnToolsVersion = 13.4;
						TestTargetID = F389BC56284A47BB00A8026B;
					};
					F389BC76284A47BB00A8026B = {
						CreatedOnToolsVersion = 13.4;
						TestTargetID = F389BC56284A47BB00A8026B;
					};
				};
			};
			buildConfigurationList = F389BC52284A47BB00A8026B /* Build configuration list for PBXProject "confy-food" */;
			compatibilityVersion = "Xcode 13.0";
			developmentRegion = en;
			hasScannedForEncodings = 0;
			knownRegions = (
				en,
				Base,
			);
			mainGroup = F389BC4E284A47BB00A8026B;
			productRefGroup = F389BC58284A47BB00A8026B /* Products */;
			projectDirPath = "";
			projectRoot = "";
			targets = (
				F389BC56284A47BB00A8026B /* confy-food */,
				F389BC6C284A47BB00A8026B /* confy-foodTests */,
				F389BC76284A47BB00A8026B /* confy-foodUITests */,
			);
		};
/* End PBXProject section */

/* Begin PBXResourcesBuildPhase section */
		F389BC55284A47BB00A8026B /* Resources */ = {
			isa = PBXResourcesBuildPhase;
			buildActionMask = 2147483647;
			files = (
				F36474C228537C5600E8AD99 /* NotFound.storyboard in Resources */,
				85CD6A6E284F900E00929796 /* Main.storyboard in Resources */,
				F389BC67284A47BB00A8026B /* LaunchScreen.storyboard in Resources */,
				F389BC64284A47BB00A8026B /* Assets.xcassets in Resources */,
			);
			runOnlyForDeploymentPostprocessing = 0;
		};
		F389BC6B284A47BB00A8026B /* Resources */ = {
			isa = PBXResourcesBuildPhase;
			buildActionMask = 2147483647;
			files = (
			);
			runOnlyForDeploymentPostprocessing = 0;
		};
		F389BC75284A47BB00A8026B /* Resources */ = {
			isa = PBXResourcesBuildPhase;
			buildActionMask = 2147483647;
			files = (
			);
			runOnlyForDeploymentPostprocessing = 0;
		};
/* End PBXResourcesBuildPhase section */

/* Begin PBXShellScriptBuildPhase section */
		F379A7BB284E35B800C14B65 /* SwiftLint */ = {
			isa = PBXShellScriptBuildPhase;
			buildActionMask = 2147483647;
			files = (
			);
			inputFileListPaths = (
			);
			inputPaths = (
			);
			name = SwiftLint;
			outputFileListPaths = (
			);
			outputPaths = (
			);
			runOnlyForDeploymentPostprocessing = 0;
			shellPath = /bin/sh;
			shellScript = "# Type a script or drag a script file from your workspace to insert its path.\nexport PATH=\"$PATH:/opt/homebrew/bin\"\nif which swiftlint > /dev/null; then\n  swiftlint\nelse\n  echo \"warning: SwiftLint not installed, download from https://github.com/realm/SwiftLint\"\nfi\n";
		};
/* End PBXShellScriptBuildPhase section */

/* Begin PBXSourcesBuildPhase section */
		F389BC53284A47BB00A8026B /* Sources */ = {
			isa = PBXSourcesBuildPhase;
			buildActionMask = 2147483647;
			files = (
				F389BC5F284A47BB00A8026B /* ViewController.swift in Sources */,
				F389BC5B284A47BB00A8026B /* AppDelegate.swift in Sources */,
				85A8583A28542EC300217B9C /* Database.xcdatamodeld in Sources */,
				F389BC5D284A47BB00A8026B /* SceneDelegate.swift in Sources */,
				F36474C628537E1700E8AD99 /* NotFoundViewController.swift in Sources */,
			);
			runOnlyForDeploymentPostprocessing = 0;
		};
		F389BC69284A47BB00A8026B /* Sources */ = {
			isa = PBXSourcesBuildPhase;
			buildActionMask = 2147483647;
			files = (
				F389BC72284A47BB00A8026B /* confy_foodTests.swift in Sources */,
			);
			runOnlyForDeploymentPostprocessing = 0;
		};
		F389BC73284A47BB00A8026B /* Sources */ = {
			isa = PBXSourcesBuildPhase;
			buildActionMask = 2147483647;
			files = (
				F389BC7E284A47BB00A8026B /* confy_foodUITestsLaunchTests.swift in Sources */,
				F389BC7C284A47BB00A8026B /* confy_foodUITests.swift in Sources */,
			);
			runOnlyForDeploymentPostprocessing = 0;
		};
/* End PBXSourcesBuildPhase section */

/* Begin PBXTargetDependency section */
		F389BC6F284A47BB00A8026B /* PBXTargetDependency */ = {
			isa = PBXTargetDependency;
			target = F389BC56284A47BB00A8026B /* confy-food */;
			targetProxy = F389BC6E284A47BB00A8026B /* PBXContainerItemProxy */;
		};
		F389BC79284A47BB00A8026B /* PBXTargetDependency */ = {
			isa = PBXTargetDependency;
			target = F389BC56284A47BB00A8026B /* confy-food */;
			targetProxy = F389BC78284A47BB00A8026B /* PBXContainerItemProxy */;
		};
/* End PBXTargetDependency section */

/* Begin PBXVariantGroup section */
		F389BC65284A47BB00A8026B /* LaunchScreen.storyboard */ = {
			isa = PBXVariantGroup;
			children = (
				F389BC66284A47BB00A8026B /* Base */,
			);
			name = LaunchScreen.storyboard;
			sourceTree = "<group>";
		};
/* End PBXVariantGroup section */

/* Begin XCBuildConfiguration section */
		F389BC7F284A47BB00A8026B /* Debug */ = {
			isa = XCBuildConfiguration;
			buildSettings = {
				ALWAYS_SEARCH_USER_PATHS = NO;
				CLANG_ANALYZER_NONNULL = YES;
				CLANG_ANALYZER_NUMBER_OBJECT_CONVERSION = YES_AGGRESSIVE;
				CLANG_CXX_LANGUAGE_STANDARD = "gnu++17";
				CLANG_ENABLE_MODULES = YES;
				CLANG_ENABLE_OBJC_ARC = YES;
				CLANG_ENABLE_OBJC_WEAK = YES;
				CLANG_WARN_BLOCK_CAPTURE_AUTORELEASING = YES;
				CLANG_WARN_BOOL_CONVERSION = YES;
				CLANG_WARN_COMMA = YES;
				CLANG_WARN_CONSTANT_CONVERSION = YES;
				CLANG_WARN_DEPRECATED_OBJC_IMPLEMENTATIONS = YES;
				CLANG_WARN_DIRECT_OBJC_ISA_USAGE = YES_ERROR;
				CLANG_WARN_DOCUMENTATION_COMMENTS = YES;
				CLANG_WARN_EMPTY_BODY = YES;
				CLANG_WARN_ENUM_CONVERSION = YES;
				CLANG_WARN_INFINITE_RECURSION = YES;
				CLANG_WARN_INT_CONVERSION = YES;
				CLANG_WARN_NON_LITERAL_NULL_CONVERSION = YES;
				CLANG_WARN_OBJC_IMPLICIT_RETAIN_SELF = YES;
				CLANG_WARN_OBJC_LITERAL_CONVERSION = YES;
				CLANG_WARN_OBJC_ROOT_CLASS = YES_ERROR;
				CLANG_WARN_QUOTED_INCLUDE_IN_FRAMEWORK_HEADER = YES;
				CLANG_WARN_RANGE_LOOP_ANALYSIS = YES;
				CLANG_WARN_STRICT_PROTOTYPES = YES;
				CLANG_WARN_SUSPICIOUS_MOVE = YES;
				CLANG_WARN_UNGUARDED_AVAILABILITY = YES_AGGRESSIVE;
				CLANG_WARN_UNREACHABLE_CODE = YES;
				CLANG_WARN__DUPLICATE_METHOD_MATCH = YES;
				COPY_PHASE_STRIP = NO;
				DEBUG_INFORMATION_FORMAT = dwarf;
				ENABLE_STRICT_OBJC_MSGSEND = YES;
				ENABLE_TESTABILITY = YES;
				GCC_C_LANGUAGE_STANDARD = gnu11;
				GCC_DYNAMIC_NO_PIC = NO;
				GCC_NO_COMMON_BLOCKS = YES;
				GCC_OPTIMIZATION_LEVEL = 0;
				GCC_PREPROCESSOR_DEFINITIONS = (
					"DEBUG=1",
					"$(inherited)",
				);
				GCC_WARN_64_TO_32_BIT_CONVERSION = YES;
				GCC_WARN_ABOUT_RETURN_TYPE = YES_ERROR;
				GCC_WARN_UNDECLARED_SELECTOR = YES;
				GCC_WARN_UNINITIALIZED_AUTOS = YES_AGGRESSIVE;
				GCC_WARN_UNUSED_FUNCTION = YES;
				GCC_WARN_UNUSED_VARIABLE = YES;
				IPHONEOS_DEPLOYMENT_TARGET = 15.5;
				MTL_ENABLE_DEBUG_INFO = INCLUDE_SOURCE;
				MTL_FAST_MATH = YES;
				ONLY_ACTIVE_ARCH = YES;
				SDKROOT = iphoneos;
				SWIFT_ACTIVE_COMPILATION_CONDITIONS = DEBUG;
				SWIFT_OPTIMIZATION_LEVEL = "-Onone";
			};
			name = Debug;
		};
		F389BC80284A47BB00A8026B /* Release */ = {
			isa = XCBuildConfiguration;
			buildSettings = {
				ALWAYS_SEARCH_USER_PATHS = NO;
				CLANG_ANALYZER_NONNULL = YES;
				CLANG_ANALYZER_NUMBER_OBJECT_CONVERSION = YES_AGGRESSIVE;
				CLANG_CXX_LANGUAGE_STANDARD = "gnu++17";
				CLANG_ENABLE_MODULES = YES;
				CLANG_ENABLE_OBJC_ARC = YES;
				CLANG_ENABLE_OBJC_WEAK = YES;
				CLANG_WARN_BLOCK_CAPTURE_AUTORELEASING = YES;
				CLANG_WARN_BOOL_CONVERSION = YES;
				CLANG_WARN_COMMA = YES;
				CLANG_WARN_CONSTANT_CONVERSION = YES;
				CLANG_WARN_DEPRECATED_OBJC_IMPLEMENTATIONS = YES;
				CLANG_WARN_DIRECT_OBJC_ISA_USAGE = YES_ERROR;
				CLANG_WARN_DOCUMENTATION_COMMENTS = YES;
				CLANG_WARN_EMPTY_BODY = YES;
				CLANG_WARN_ENUM_CONVERSION = YES;
				CLANG_WARN_INFINITE_RECURSION = YES;
				CLANG_WARN_INT_CONVERSION = YES;
				CLANG_WARN_NON_LITERAL_NULL_CONVERSION = YES;
				CLANG_WARN_OBJC_IMPLICIT_RETAIN_SELF = YES;
				CLANG_WARN_OBJC_LITERAL_CONVERSION = YES;
				CLANG_WARN_OBJC_ROOT_CLASS = YES_ERROR;
				CLANG_WARN_QUOTED_INCLUDE_IN_FRAMEWORK_HEADER = YES;
				CLANG_WARN_RANGE_LOOP_ANALYSIS = YES;
				CLANG_WARN_STRICT_PROTOTYPES = YES;
				CLANG_WARN_SUSPICIOUS_MOVE = YES;
				CLANG_WARN_UNGUARDED_AVAILABILITY = YES_AGGRESSIVE;
				CLANG_WARN_UNREACHABLE_CODE = YES;
				CLANG_WARN__DUPLICATE_METHOD_MATCH = YES;
				COPY_PHASE_STRIP = NO;
				DEBUG_INFORMATION_FORMAT = "dwarf-with-dsym";
				ENABLE_NS_ASSERTIONS = NO;
				ENABLE_STRICT_OBJC_MSGSEND = YES;
				GCC_C_LANGUAGE_STANDARD = gnu11;
				GCC_NO_COMMON_BLOCKS = YES;
				GCC_WARN_64_TO_32_BIT_CONVERSION = YES;
				GCC_WARN_ABOUT_RETURN_TYPE = YES_ERROR;
				GCC_WARN_UNDECLARED_SELECTOR = YES;
				GCC_WARN_UNINITIALIZED_AUTOS = YES_AGGRESSIVE;
				GCC_WARN_UNUSED_FUNCTION = YES;
				GCC_WARN_UNUSED_VARIABLE = YES;
				IPHONEOS_DEPLOYMENT_TARGET = 15.5;
				MTL_ENABLE_DEBUG_INFO = NO;
				MTL_FAST_MATH = YES;
				SDKROOT = iphoneos;
				SWIFT_COMPILATION_MODE = wholemodule;
				SWIFT_OPTIMIZATION_LEVEL = "-O";
				VALIDATE_PRODUCT = YES;
			};
			name = Release;
		};
		F389BC82284A47BB00A8026B /* Debug */ = {
			isa = XCBuildConfiguration;
			buildSettings = {
				ASSETCATALOG_COMPILER_APPICON_NAME = AppIcon;
				ASSETCATALOG_COMPILER_GLOBAL_ACCENT_COLOR_NAME = AccentColor;
				CODE_SIGN_STYLE = Automatic;
				CURRENT_PROJECT_VERSION = 1;
				DEVELOPMENT_TEAM = F2MBMJ3PK6;
				GENERATE_INFOPLIST_FILE = YES;
				INFOPLIST_FILE = "confy-food/Info.plist";
				INFOPLIST_KEY_CFBundleDisplayName = "Comfy Food";
				INFOPLIST_KEY_UIApplicationSupportsIndirectInputEvents = YES;
				INFOPLIST_KEY_UILaunchStoryboardName = LaunchScreen;
				INFOPLIST_KEY_UIMainStoryboardFile = Main;
				INFOPLIST_KEY_UISupportedInterfaceOrientations_iPad = "UIInterfaceOrientationPortrait UIInterfaceOrientationPortraitUpsideDown UIInterfaceOrientationLandscapeLeft UIInterfaceOrientationLandscapeRight";
				INFOPLIST_KEY_UISupportedInterfaceOrientations_iPhone = "UIInterfaceOrientationPortrait UIInterfaceOrientationLandscapeLeft UIInterfaceOrientationLandscapeRight";
				LD_RUNPATH_SEARCH_PATHS = (
					"$(inherited)",
					"@executable_path/Frameworks",
				);
				MARKETING_VERSION = 1.0;
				PRODUCT_BUNDLE_IDENTIFIER = "io.github.milenaalcantara.confy-food";
				PRODUCT_NAME = "$(TARGET_NAME)";
				SWIFT_EMIT_LOC_STRINGS = YES;
				SWIFT_VERSION = 5.0;
				TARGETED_DEVICE_FAMILY = "1,2";
			};
			name = Debug;
		};
		F389BC83284A47BB00A8026B /* Release */ = {
			isa = XCBuildConfiguration;
			buildSettings = {
				ASSETCATALOG_COMPILER_APPICON_NAME = AppIcon;
				ASSETCATALOG_COMPILER_GLOBAL_ACCENT_COLOR_NAME = AccentColor;
				CODE_SIGN_STYLE = Automatic;
				CURRENT_PROJECT_VERSION = 1;
				DEVELOPMENT_TEAM = F2MBMJ3PK6;
				GENERATE_INFOPLIST_FILE = YES;
				INFOPLIST_FILE = "confy-food/Info.plist";
				INFOPLIST_KEY_CFBundleDisplayName = "Comfy Food";
				INFOPLIST_KEY_UIApplicationSupportsIndirectInputEvents = YES;
				INFOPLIST_KEY_UILaunchStoryboardName = LaunchScreen;
				INFOPLIST_KEY_UIMainStoryboardFile = Main;
				INFOPLIST_KEY_UISupportedInterfaceOrientations_iPad = "UIInterfaceOrientationPortrait UIInterfaceOrientationPortraitUpsideDown UIInterfaceOrientationLandscapeLeft UIInterfaceOrientationLandscapeRight";
				INFOPLIST_KEY_UISupportedInterfaceOrientations_iPhone = "UIInterfaceOrientationPortrait UIInterfaceOrientationLandscapeLeft UIInterfaceOrientationLandscapeRight";
				LD_RUNPATH_SEARCH_PATHS = (
					"$(inherited)",
					"@executable_path/Frameworks",
				);
				MARKETING_VERSION = 1.0;
				PRODUCT_BUNDLE_IDENTIFIER = "io.github.milenaalcantara.confy-food";
				PRODUCT_NAME = "$(TARGET_NAME)";
				SWIFT_EMIT_LOC_STRINGS = YES;
				SWIFT_VERSION = 5.0;
				TARGETED_DEVICE_FAMILY = "1,2";
			};
			name = Release;
		};
		F389BC85284A47BB00A8026B /* Debug */ = {
			isa = XCBuildConfiguration;
			buildSettings = {
				ALWAYS_EMBED_SWIFT_STANDARD_LIBRARIES = YES;
				BUNDLE_LOADER = "$(TEST_HOST)";
				CODE_SIGN_STYLE = Automatic;
				CURRENT_PROJECT_VERSION = 1;
				DEVELOPMENT_TEAM = 2P65JA735T;
				GENERATE_INFOPLIST_FILE = YES;
				IPHONEOS_DEPLOYMENT_TARGET = 15.5;
				MARKETING_VERSION = 1.0;
				PRODUCT_BUNDLE_IDENTIFIER = "io.github.milenaalcantara.confy-foodTests";
				PRODUCT_NAME = "$(TARGET_NAME)";
				SWIFT_EMIT_LOC_STRINGS = NO;
				SWIFT_VERSION = 5.0;
				TARGETED_DEVICE_FAMILY = "1,2";
				TEST_HOST = "$(BUILT_PRODUCTS_DIR)/confy-food.app/confy-food";
			};
			name = Debug;
		};
		F389BC86284A47BB00A8026B /* Release */ = {
			isa = XCBuildConfiguration;
			buildSettings = {
				ALWAYS_EMBED_SWIFT_STANDARD_LIBRARIES = YES;
				BUNDLE_LOADER = "$(TEST_HOST)";
				CODE_SIGN_STYLE = Automatic;
				CURRENT_PROJECT_VERSION = 1;
				DEVELOPMENT_TEAM = 2P65JA735T;
				GENERATE_INFOPLIST_FILE = YES;
				IPHONEOS_DEPLOYMENT_TARGET = 15.5;
				MARKETING_VERSION = 1.0;
				PRODUCT_BUNDLE_IDENTIFIER = "io.github.milenaalcantara.confy-foodTests";
				PRODUCT_NAME = "$(TARGET_NAME)";
				SWIFT_EMIT_LOC_STRINGS = NO;
				SWIFT_VERSION = 5.0;
				TARGETED_DEVICE_FAMILY = "1,2";
				TEST_HOST = "$(BUILT_PRODUCTS_DIR)/confy-food.app/confy-food";
			};
			name = Release;
		};
		F389BC88284A47BB00A8026B /* Debug */ = {
			isa = XCBuildConfiguration;
			buildSettings = {
				ALWAYS_EMBED_SWIFT_STANDARD_LIBRARIES = YES;
				CODE_SIGN_STYLE = Automatic;
				CURRENT_PROJECT_VERSION = 1;
				DEVELOPMENT_TEAM = 2P65JA735T;
				GENERATE_INFOPLIST_FILE = YES;
				MARKETING_VERSION = 1.0;
				PRODUCT_BUNDLE_IDENTIFIER = "io.github.milenaalcantara.confy-foodUITests";
				PRODUCT_NAME = "$(TARGET_NAME)";
				SWIFT_EMIT_LOC_STRINGS = NO;
				SWIFT_VERSION = 5.0;
				TARGETED_DEVICE_FAMILY = "1,2";
				TEST_TARGET_NAME = "confy-food";
			};
			name = Debug;
		};
		F389BC89284A47BB00A8026B /* Release */ = {
			isa = XCBuildConfiguration;
			buildSettings = {
				ALWAYS_EMBED_SWIFT_STANDARD_LIBRARIES = YES;
				CODE_SIGN_STYLE = Automatic;
				CURRENT_PROJECT_VERSION = 1;
				DEVELOPMENT_TEAM = 2P65JA735T;
				GENERATE_INFOPLIST_FILE = YES;
				MARKETING_VERSION = 1.0;
				PRODUCT_BUNDLE_IDENTIFIER = "io.github.milenaalcantara.confy-foodUITests";
				PRODUCT_NAME = "$(TARGET_NAME)";
				SWIFT_EMIT_LOC_STRINGS = NO;
				SWIFT_VERSION = 5.0;
				TARGETED_DEVICE_FAMILY = "1,2";
				TEST_TARGET_NAME = "confy-food";
			};
			name = Release;
		};
/* End XCBuildConfiguration section */

/* Begin XCConfigurationList section */
		F389BC52284A47BB00A8026B /* Build configuration list for PBXProject "confy-food" */ = {
			isa = XCConfigurationList;
			buildConfigurations = (
				F389BC7F284A47BB00A8026B /* Debug */,
				F389BC80284A47BB00A8026B /* Release */,
			);
			defaultConfigurationIsVisible = 0;
			defaultConfigurationName = Release;
		};
		F389BC81284A47BB00A8026B /* Build configuration list for PBXNativeTarget "confy-food" */ = {
			isa = XCConfigurationList;
			buildConfigurations = (
				F389BC82284A47BB00A8026B /* Debug */,
				F389BC83284A47BB00A8026B /* Release */,
			);
			defaultConfigurationIsVisible = 0;
			defaultConfigurationName = Release;
		};
		F389BC84284A47BB00A8026B /* Build configuration list for PBXNativeTarget "confy-foodTests" */ = {
			isa = XCConfigurationList;
			buildConfigurations = (
				F389BC85284A47BB00A8026B /* Debug */,
				F389BC86284A47BB00A8026B /* Release */,
			);
			defaultConfigurationIsVisible = 0;
			defaultConfigurationName = Release;
		};
		F389BC87284A47BB00A8026B /* Build configuration list for PBXNativeTarget "confy-foodUITests" */ = {
			isa = XCConfigurationList;
			buildConfigurations = (
				F389BC88284A47BB00A8026B /* Debug */,
				F389BC89284A47BB00A8026B /* Release */,
			);
			defaultConfigurationIsVisible = 0;
			defaultConfigurationName = Release;
		};
/* End XCConfigurationList section */

/* Begin XCVersionGroup section */
		85A8583828542EC300217B9C /* Database.xcdatamodeld */ = {
			isa = XCVersionGroup;
			children = (
				85A8583928542EC300217B9C /* Database.xcdatamodel */,
			);
			currentVersion = 85A8583928542EC300217B9C /* Database.xcdatamodel */;
			path = Database.xcdatamodeld;
			sourceTree = "<group>";
			versionGroupType = wrapper.xcdatamodel;
		};
/* End XCVersionGroup section */
	};
	rootObject = F389BC4F284A47BB00A8026B /* Project object */;
}
